
Microsoft Visual Studio Solution File, Format Version 12.00
# Visual Studio Version 17
VisualStudioVersion = 17.14.36511.14
MinimumVisualStudioVersion = 10.0.40219.1
Project("{FAE04EC0-301F-11D3-BF4B-00C04F79EFBC}") = "Proxy", "Proxy\Proxy.csproj", "{E2CD9EA7-C605-408D-9F49-BA58FF8BA30F}"
EndProject
Project("{FAE04EC0-301F-11D3-BF4B-00C04F79EFBC}") = "OrchestratorService", "OrchestratorService\OrchestratorService.csproj", "{C0FAD676-ACF9-4A39-B137-D797E45CAC0A}"
	ProjectSection(ProjectDependencies) = postProject
		{E2CD9EA7-C605-408D-9F49-BA58FF8BA30F} = {E2CD9EA7-C605-408D-9F49-BA58FF8BA30F}
	EndProjectSection
EndProject
Project("{FAE04EC0-301F-11D3-BF4B-00C04F79EFBC}") = "ConsoleClient", "Console\ConsoleClient.csproj", "{6F2AD949-23BE-45B0-982B-382CD03732DE}"
	ProjectSection(ProjectDependencies) = postProject
		{C0FAD676-ACF9-4A39-B137-D797E45CAC0A} = {C0FAD676-ACF9-4A39-B137-D797E45CAC0A}
	EndProjectSection
EndProject
Project("{FAE04EC0-301F-11D3-BF4B-00C04F79EFBC}") = "LightClient", "LightClient\LightClient.csproj", "{35818678-12A0-4B49-8EE8-3A7674E87E4C}"
EndProject
Global
	GlobalSection(SolutionConfigurationPlatforms) = preSolution
		Debug|Any CPU = Debug|Any CPU
		Release|Any CPU = Release|Any CPU
	EndGlobalSection
	GlobalSection(ProjectConfigurationPlatforms) = postSolution
		{E2CD9EA7-C605-408D-9F49-BA58FF8BA30F}.Debug|Any CPU.ActiveCfg = Debug|Any CPU
		{E2CD9EA7-C605-408D-9F49-BA58FF8BA30F}.Debug|Any CPU.Build.0 = Debug|Any CPU
		{E2CD9EA7-C605-408D-9F49-BA58FF8BA30F}.Release|Any CPU.ActiveCfg = Release|Any CPU
		{E2CD9EA7-C605-408D-9F49-BA58FF8BA30F}.Release|Any CPU.Build.0 = Release|Any CPU
		{C0FAD676-ACF9-4A39-B137-D797E45CAC0A}.Debug|Any CPU.ActiveCfg = Debug|Any CPU
		{C0FAD676-ACF9-4A39-B137-D797E45CAC0A}.Debug|Any CPU.Build.0 = Debug|Any CPU
		{C0FAD676-ACF9-4A39-B137-D797E45CAC0A}.Release|Any CPU.ActiveCfg = Release|Any CPU
		{C0FAD676-ACF9-4A39-B137-D797E45CAC0A}.Release|Any CPU.Build.0 = Release|Any CPU
		{6F2AD949-23BE-45B0-982B-382CD03732DE}.Debug|Any CPU.ActiveCfg = Debug|Any CPU
		{6F2AD949-23BE-45B0-982B-382CD03732DE}.Debug|Any CPU.Build.0 = Debug|Any CPU
		{6F2AD949-23BE-45B0-982B-382CD03732DE}.Release|Any CPU.ActiveCfg = Release|Any CPU
		{6F2AD949-23BE-45B0-982B-382CD03732DE}.Release|Any CPU.Build.0 = Release|Any CPU
		{35818678-12A0-4B49-8EE8-3A7674E87E4C}.Debug|Any CPU.ActiveCfg = Debug|Any CPU
		{35818678-12A0-4B49-8EE8-3A7674E87E4C}.Debug|Any CPU.Build.0 = Debug|Any CPU
		{35818678-12A0-4B49-8EE8-3A7674E87E4C}.Release|Any CPU.ActiveCfg = Release|Any CPU
		{35818678-12A0-4B49-8EE8-3A7674E87E4C}.Release|Any CPU.Build.0 = Release|Any CPU
	EndGlobalSection
	GlobalSection(SolutionProperties) = preSolution
		HideSolutionNode = FALSE
	EndGlobalSection
	GlobalSection(ExtensibilityGlobals) = postSolution
		SolutionGuid = {750EB962-E6BD-4A23-A901-10D08D13E314}
	EndGlobalSection
EndGlobal
